// !$*UTF8*$!
{
	archiveVersion = 1;
	classes = {
	};
	objectVersion = 48;
	objects = {

/* Begin PBXBuildFile section */
		8F75BF34200CF2FF004C5904 /* PassTime.swift in Sources */ = {isa = PBXBuildFile; fileRef = 8F75BF33200CF2FF004C5904 /* PassTime.swift */; };
		8F75BF3A200D4A59004C5904 /* MyTableViewController.swift in Sources */ = {isa = PBXBuildFile; fileRef = 8F75BF39200D4A59004C5904 /* MyTableViewController.swift */; };
		8FE8918C2007DE3D0092D992 /* AppDelegate.swift in Sources */ = {isa = PBXBuildFile; fileRef = 8FE8918B2007DE3D0092D992 /* AppDelegate.swift */; };
		8FE8918E2007DE3D0092D992 /* ViewController.swift in Sources */ = {isa = PBXBuildFile; fileRef = 8FE8918D2007DE3D0092D992 /* ViewController.swift */; };
		8FE891912007DE3D0092D992 /* Main.storyboard in Resources */ = {isa = PBXBuildFile; fileRef = 8FE8918F2007DE3D0092D992 /* Main.storyboard */; };
		8FE891932007DE3D0092D992 /* Assets.xcassets in Resources */ = {isa = PBXBuildFile; fileRef = 8FE891922007DE3D0092D992 /* Assets.xcassets */; };
		8FE891962007DE3D0092D992 /* LaunchScreen.storyboard in Resources */ = {isa = PBXBuildFile; fileRef = 8FE891942007DE3D0092D992 /* LaunchScreen.storyboard */; };
		8FE891A12007DE3D0092D992 /* International_Space_Station_Pass_TimeTests.swift in Sources */ = {isa = PBXBuildFile; fileRef = 8FE891A02007DE3D0092D992 /* International_Space_Station_Pass_TimeTests.swift */; };
		8FE891AC2007DE3D0092D992 /* International_Space_Station_Pass_TimeUITests.swift in Sources */ = {isa = PBXBuildFile; fileRef = 8FE891AB2007DE3D0092D992 /* International_Space_Station_Pass_TimeUITests.swift */; };
		8FE891BC2008061C0092D992 /* GCDBlackBox.swift in Sources */ = {isa = PBXBuildFile; fileRef = 8FE891BB2008061C0092D992 /* GCDBlackBox.swift */; };
/* End PBXBuildFile section */

/* Begin PBXContainerItemProxy section */
		8FE8919D2007DE3D0092D992 /* PBXContainerItemProxy */ = {
			isa = PBXContainerItemProxy;
			containerPortal = 8FE891802007DE3C0092D992 /* Project object */;
			proxyType = 1;
			remoteGlobalIDString = 8FE891872007DE3C0092D992;
			remoteInfo = "International Space Station Pass Time";
		};
		8FE891A82007DE3D0092D992 /* PBXContainerItemProxy */ = {
			isa = PBXContainerItemProxy;
			containerPortal = 8FE891802007DE3C0092D992 /* Project object */;
			proxyType = 1;
			remoteGlobalIDString = 8FE891872007DE3C0092D992;
			remoteInfo = "International Space Station Pass Time";
		};
/* End PBXContainerItemProxy section */

/* Begin PBXFileReference section */
		8F75BF33200CF2FF004C5904 /* PassTime.swift */ = {isa = PBXFileReference; lastKnownFileType = sourcecode.swift; path = PassTime.swift; sourceTree = "<group>"; };
		8F75BF39200D4A59004C5904 /* MyTableViewController.swift */ = {isa = PBXFileReference; lastKnownFileType = sourcecode.swift; path = MyTableViewController.swift; sourceTree = "<group>"; };
		8FE891882007DE3C0092D992 /* International Space Station Pass Time.app */ = {isa = PBXFileReference; explicitFileType = wrapper.application; includeInIndex = 0; path = "International Space Station Pass Time.app"; sourceTree = BUILT_PRODUCTS_DIR; };
		8FE8918B2007DE3D0092D992 /* AppDelegate.swift */ = {isa = PBXFileReference; lastKnownFileType = sourcecode.swift; path = AppDelegate.swift; sourceTree = "<group>"; };
		8FE8918D2007DE3D0092D992 /* ViewController.swift */ = {isa = PBXFileReference; lastKnownFileType = sourcecode.swift; path = ViewController.swift; sourceTree = "<group>"; };
		8FE891902007DE3D0092D992 /* Base */ = {isa = PBXFileReference; lastKnownFileType = file.storyboard; name = Base; path = Base.lproj/Main.storyboard; sourceTree = "<group>"; };
		8FE891922007DE3D0092D992 /* Assets.xcassets */ = {isa = PBXFileReference; lastKnownFileType = folder.assetcatalog; path = Assets.xcassets; sourceTree = "<group>"; };
		8FE891952007DE3D0092D992 /* Base */ = {isa = PBXFileReference; lastKnownFileType = file.storyboard; name = Base; path = Base.lproj/LaunchScreen.storyboard; sourceTree = "<group>"; };
		8FE891972007DE3D0092D992 /* Info.plist */ = {isa = PBXFileReference; lastKnownFileType = text.plist.xml; path = Info.plist; sourceTree = "<group>"; };
		8FE8919C2007DE3D0092D992 /* International Space Station Pass TimeTests.xctest */ = {isa = PBXFileReference; explicitFileType = wrapper.cfbundle; includeInIndex = 0; path = "International Space Station Pass TimeTests.xctest"; sourceTree = BUILT_PRODUCTS_DIR; };
		8FE891A02007DE3D0092D992 /* International_Space_Station_Pass_TimeTests.swift */ = {isa = PBXFileReference; lastKnownFileType = sourcecode.swift; path = International_Space_Station_Pass_TimeTests.swift; sourceTree = "<group>"; };
		8FE891A22007DE3D0092D992 /* Info.plist */ = {isa = PBXFileReference; lastKnownFileType = text.plist.xml; path = Info.plist; sourceTree = "<group>"; };
		8FE891A72007DE3D0092D992 /* International Space Station Pass TimeUITests.xctest */ = {isa = PBXFileReference; explicitFileType = wrapper.cfbundle; includeInIndex = 0; path = "International Space Station Pass TimeUITests.xctest"; sourceTree = BUILT_PRODUCTS_DIR; };
		8FE891AB2007DE3D0092D992 /* International_Space_Station_Pass_TimeUITests.swift */ = {isa = PBXFileReference; lastKnownFileType = sourcecode.swift; path = International_Space_Station_Pass_TimeUITests.swift; sourceTree = "<group>"; };
		8FE891AD2007DE3D0092D992 /* Info.plist */ = {isa = PBXFileReference; lastKnownFileType = text.plist.xml; path = Info.plist; sourceTree = "<group>"; };
		8FE891BB2008061C0092D992 /* GCDBlackBox.swift */ = {isa = PBXFileReference; lastKnownFileType = sourcecode.swift; path = GCDBlackBox.swift; sourceTree = "<group>"; };
/* End PBXFileReference section */

/* Begin PBXFrameworksBuildPhase section */
		8FE891852007DE3C0092D992 /* Frameworks */ = {
			isa = PBXFrameworksBuildPhase;
			buildActionMask = 2147483647;
			files = (
			);
			runOnlyForDeploymentPostprocessing = 0;
		};
		8FE891992007DE3D0092D992 /* Frameworks */ = {
			isa = PBXFrameworksBuildPhase;
			buildActionMask = 2147483647;
			files = (
			);
			runOnlyForDeploymentPostprocessing = 0;
		};
		8FE891A42007DE3D0092D992 /* Frameworks */ = {
			isa = PBXFrameworksBuildPhase;
			buildActionMask = 2147483647;
			files = (
			);
			runOnlyForDeploymentPostprocessing = 0;
		};
/* End PBXFrameworksBuildPhase section */

/* Begin PBXGroup section */
		8FE8917F2007DE3C0092D992 = {
			isa = PBXGroup;
			children = (
				8FE8918A2007DE3D0092D992 /* International Space Station Pass Time */,
				8FE8919F2007DE3D0092D992 /* International Space Station Pass TimeTests */,
				8FE891AA2007DE3D0092D992 /* International Space Station Pass TimeUITests */,
				8FE891892007DE3D0092D992 /* Products */,
			);
			sourceTree = "<group>";
		};
		8FE891892007DE3D0092D992 /* Products */ = {
			isa = PBXGroup;
			children = (
				8FE891882007DE3C0092D992 /* International Space Station Pass Time.app */,
				8FE8919C2007DE3D0092D992 /* International Space Station Pass TimeTests.xctest */,
				8FE891A72007DE3D0092D992 /* International Space Station Pass TimeUITests.xctest */,
			);
			name = Products;
			sourceTree = "<group>";
		};
		8FE8918A2007DE3D0092D992 /* International Space Station Pass Time */ = {
			isa = PBXGroup;
			children = (
				8FE8918B2007DE3D0092D992 /* AppDelegate.swift */,
				8FE8918D2007DE3D0092D992 /* ViewController.swift */,
				8F75BF33200CF2FF004C5904 /* PassTime.swift */,
				8F75BF39200D4A59004C5904 /* MyTableViewController.swift */,
				8FE891BB2008061C0092D992 /* GCDBlackBox.swift */,
				8FE8918F2007DE3D0092D992 /* Main.storyboard */,
				8FE891922007DE3D0092D992 /* Assets.xcassets */,
				8FE891942007DE3D0092D992 /* LaunchScreen.storyboard */,
				8FE891972007DE3D0092D992 /* Info.plist */,
			);
			path = "International Space Station Pass Time";
			sourceTree = "<group>";
		};
		8FE8919F2007DE3D0092D992 /* International Space Station Pass TimeTests */ = {
			isa = PBXGroup;
			children = (
				8FE891A02007DE3D0092D992 /* International_Space_Station_Pass_TimeTests.swift */,
				8FE891A22007DE3D0092D992 /* Info.plist */,
			);
			path = "International Space Station Pass TimeTests";
			sourceTree = "<group>";
		};
		8FE891AA2007DE3D0092D992 /* International Space Station Pass TimeUITests */ = {
			isa = PBXGroup;
			children = (
				8FE891AB2007DE3D0092D992 /* International_Space_Station_Pass_TimeUITests.swift */,
				8FE891AD2007DE3D0092D992 /* Info.plist */,
			);
			path = "International Space Station Pass TimeUITests";
			sourceTree = "<group>";
		};
/* End PBXGroup section */

/* Begin PBXNativeTarget section */
		8FE891872007DE3C0092D992 /* International Space Station Pass Time */ = {
			isa = PBXNativeTarget;
			buildConfigurationList = 8FE891B02007DE3D0092D992 /* Build configuration list for PBXNativeTarget "International Space Station Pass Time" */;
			buildPhases = (
				8FE891842007DE3C0092D992 /* Sources */,
				8FE891852007DE3C0092D992 /* Frameworks */,
				8FE891862007DE3C0092D992 /* Resources */,
			);
			buildRules = (
			);
			dependencies = (
			);
			name = "International Space Station Pass Time";
			productName = "International Space Station Pass Time";
			productReference = 8FE891882007DE3C0092D992 /* International Space Station Pass Time.app */;
			productType = "com.apple.product-type.application";
		};
		8FE8919B2007DE3D0092D992 /* International Space Station Pass TimeTests */ = {
			isa = PBXNativeTarget;
			buildConfigurationList = 8FE891B32007DE3D0092D992 /* Build configuration list for PBXNativeTarget "International Space Station Pass TimeTests" */;
			buildPhases = (
				8FE891982007DE3D0092D992 /* Sources */,
				8FE891992007DE3D0092D992 /* Frameworks */,
				8FE8919A2007DE3D0092D992 /* Resources */,
			);
			buildRules = (
			);
			dependencies = (
				8FE8919E2007DE3D0092D992 /* PBXTargetDependency */,
			);
			name = "International Space Station Pass TimeTests";
			productName = "International Space Station Pass TimeTests";
			productReference = 8FE8919C2007DE3D0092D992 /* International Space Station Pass TimeTests.xctest */;
			productType = "com.apple.product-type.bundle.unit-test";
		};
		8FE891A62007DE3D0092D992 /* International Space Station Pass TimeUITests */ = {
			isa = PBXNativeTarget;
			buildConfigurationList = 8FE891B62007DE3D0092D992 /* Build configuration list for PBXNativeTarget "International Space Station Pass TimeUITests" */;
			buildPhases = (
				8FE891A32007DE3D0092D992 /* Sources */,
				8FE891A42007DE3D0092D992 /* Frameworks */,
				8FE891A52007DE3D0092D992 /* Resources */,
			);
			buildRules = (
			);
			dependencies = (
				8FE891A92007DE3D0092D992 /* PBXTargetDependency */,
			);
			name = "International Space Station Pass TimeUITests";
			productName = "International Space Station Pass TimeUITests";
			productReference = 8FE891A72007DE3D0092D992 /* International Space Station Pass TimeUITests.xctest */;
			productType = "com.apple.product-type.bundle.ui-testing";
		};
/* End PBXNativeTarget section */

/* Begin PBXProject section */
		8FE891802007DE3C0092D992 /* Project object */ = {
			isa = PBXProject;
			attributes = {
				LastSwiftUpdateCheck = 0920;
				LastUpgradeCheck = 0920;
				ORGANIZATIONNAME = "Yugandhara Lad";
				TargetAttributes = {
					8FE891872007DE3C0092D992 = {
						CreatedOnToolsVersion = 9.2;
						ProvisioningStyle = Automatic;
					};
					8FE8919B2007DE3D0092D992 = {
						CreatedOnToolsVersion = 9.2;
						ProvisioningStyle = Automatic;
						TestTargetID = 8FE891872007DE3C0092D992;
					};
					8FE891A62007DE3D0092D992 = {
						CreatedOnToolsVersion = 9.2;
						ProvisioningStyle = Automatic;
						TestTargetID = 8FE891872007DE3C0092D992;
					};
				};
			};
			buildConfigurationList = 8FE891832007DE3C0092D992 /* Build configuration list for PBXProject "International Space Station Pass Time" */;
			compatibilityVersion = "Xcode 8.0";
			developmentRegion = en;
			hasScannedForEncodings = 0;
			knownRegions = (
				en,
				Base,
			);
			mainGroup = 8FE8917F2007DE3C0092D992;
			productRefGroup = 8FE891892007DE3D0092D992 /* Products */;
			projectDirPath = "";
			projectRoot = "";
			targets = (
				8FE891872007DE3C0092D992 /* International Space Station Pass Time */,
				8FE8919B2007DE3D0092D992 /* International Space Station Pass TimeTests */,
				8FE891A62007DE3D0092D992 /* International Space Station Pass TimeUITests */,
			);
		};
/* End PBXProject section */

/* Begin PBXResourcesBuildPhase section */
		8FE891862007DE3C0092D992 /* Resources */ = {
			isa = PBXResourcesBuildPhase;
			buildActionMask = 2147483647;
			files = (
				8FE891962007DE3D0092D992 /* LaunchScreen.storyboard in Resources */,
				8FE891932007DE3D0092D992 /* Assets.xcassets in Resources */,
				8FE891912007DE3D0092D992 /* Main.storyboard in Resources */,
			);
			runOnlyForDeploymentPostprocessing = 0;
		};
		8FE8919A2007DE3D0092D992 /* Resources */ = {
			isa = PBXResourcesBuildPhase;
			buildActionMask = 2147483647;
			files = (
			);
			runOnlyForDeploymentPostprocessing = 0;
		};
		8FE891A52007DE3D0092D992 /* Resources */ = {
			isa = PBXResourcesBuildPhase;
			buildActionMask = 2147483647;
			files = (
			);
			runOnlyForDeploymentPostprocessing = 0;
		};
/* End PBXResourcesBuildPhase section */

/* Begin PBXSourcesBuildPhase section */
		8FE891842007DE3C0092D992 /* Sources */ = {
			isa = PBXSourcesBuildPhase;
			buildActionMask = 2147483647;
			files = (
				8FE8918E2007DE3D0092D992 /* ViewController.swift in Sources */,
				8F75BF34200CF2FF004C5904 /* PassTime.swift in Sources */,
				8FE891BC2008061C0092D992 /* GCDBlackBox.swift in Sources */,
				8F75BF3A200D4A59004C5904 /* MyTableViewController.swift in Sources */,
				8FE8918C2007DE3D0092D992 /* AppDelegate.swift in Sources */,
			);
			runOnlyForDeploymentPostprocessing = 0;
		};
		8FE891982007DE3D0092D992 /* Sources */ = {
			isa = PBXSourcesBuildPhase;
			buildActionMask = 2147483647;
			files = (
				8FE891A12007DE3D0092D992 /* International_Space_Station_Pass_TimeTests.swift in Sources */,
			);
			runOnlyForDeploymentPostprocessing = 0;
		};
		8FE891A32007DE3D0092D992 /* Sources */ = {
			isa = PBXSourcesBuildPhase;
			buildActionMask = 2147483647;
			files = (
				8FE891AC2007DE3D0092D992 /* International_Space_Station_Pass_TimeUITests.swift in Sources */,
			);
			runOnlyForDeploymentPostprocessing = 0;
		};
/* End PBXSourcesBuildPhase section */

/* Begin PBXTargetDependency section */
		8FE8919E2007DE3D0092D992 /* PBXTargetDependency */ = {
			isa = PBXTargetDependency;
			target = 8FE891872007DE3C0092D992 /* International Space Station Pass Time */;
			targetProxy = 8FE8919D2007DE3D0092D992 /* PBXContainerItemProxy */;
		};
		8FE891A92007DE3D0092D992 /* PBXTargetDependency */ = {
			isa = PBXTargetDependency;
			target = 8FE891872007DE3C0092D992 /* International Space Station Pass Time */;
			targetProxy = 8FE891A82007DE3D0092D992 /* PBXContainerItemProxy */;
		};
/* End PBXTargetDependency section */

/* Begin PBXVariantGroup section */
		8FE8918F2007DE3D0092D992 /* Main.storyboard */ = {
			isa = PBXVariantGroup;
			children = (
				8FE891902007DE3D0092D992 /* Base */,
			);
			name = Main.storyboard;
			sourceTree = "<group>";
		};
		8FE891942007DE3D0092D992 /* LaunchScreen.storyboard */ = {
			isa = PBXVariantGroup;
			children = (
				8FE891952007DE3D0092D992 /* Base */,
			);
			name = LaunchScreen.storyboard;
			sourceTree = "<group>";
		};
/* End PBXVariantGroup section */

/* Begin XCBuildConfiguration section */
		8FE891AE2007DE3D0092D992 /* Debug */ = {
			isa = XCBuildConfiguration;
			buildSettings = {
				ALWAYS_SEARCH_USER_PATHS = NO;
				CLANG_ANALYZER_NONNULL = YES;
				CLANG_ANALYZER_NUMBER_OBJECT_CONVERSION = YES_AGGRESSIVE;
				CLANG_CXX_LANGUAGE_STANDARD = "gnu++14";
				CLANG_CXX_LIBRARY = "libc++";
				CLANG_ENABLE_MODULES = YES;
				CLANG_ENABLE_OBJC_ARC = YES;
				CLANG_WARN_BLOCK_CAPTURE_AUTORELEASING = YES;
				CLANG_WARN_BOOL_CONVERSION = YES;
				CLANG_WARN_COMMA = YES;
				CLANG_WARN_CONSTANT_CONVERSION = YES;
				CLANG_WARN_DIRECT_OBJC_ISA_USAGE = YES_ERROR;
				CLANG_WARN_DOCUMENTATION_COMMENTS = YES;
				CLANG_WARN_EMPTY_BODY = YES;
				CLANG_WARN_ENUM_CONVERSION = YES;
				CLANG_WARN_INFINITE_RECURSION = YES;
				CLANG_WARN_INT_CONVERSION = YES;
				CLANG_WARN_NON_LITERAL_NULL_CONVERSION = YES;
				CLANG_WARN_OBJC_LITERAL_CONVERSION = YES;
				CLANG_WARN_OBJC_ROOT_CLASS = YES_ERROR;
				CLANG_WARN_RANGE_LOOP_ANALYSIS = YES;
				CLANG_WARN_STRICT_PROTOTYPES = YES;
				CLANG_WARN_SUSPICIOUS_MOVE = YES;
				CLANG_WARN_UNGUARDED_AVAILABILITY = YES_AGGRESSIVE;
				CLANG_WARN_UNREACHABLE_CODE = YES;
				CLANG_WARN__DUPLICATE_METHOD_MATCH = YES;
				CODE_SIGN_IDENTITY = "iPhone Developer";
				COPY_PHASE_STRIP = NO;
				DEBUG_INFORMATION_FORMAT = dwarf;
				ENABLE_STRICT_OBJC_MSGSEND = YES;
				ENABLE_TESTABILITY = YES;
				GCC_C_LANGUAGE_STANDARD = gnu11;
				GCC_DYNAMIC_NO_PIC = NO;
				GCC_NO_COMMON_BLOCKS = YES;
				GCC_OPTIMIZATION_LEVEL = 0;
				GCC_PREPROCESSOR_DEFINITIONS = (
					"DEBUG=1",
					"$(inherited)",
				);
				GCC_WARN_64_TO_32_BIT_CONVERSION = YES;
				GCC_WARN_ABOUT_RETURN_TYPE = YES_ERROR;
				GCC_WARN_UNDECLARED_SELECTOR = YES;
				GCC_WARN_UNINITIALIZED_AUTOS = YES_AGGRESSIVE;
				GCC_WARN_UNUSED_FUNCTION = YES;
				GCC_WARN_UNUSED_VARIABLE = YES;
				IPHONEOS_DEPLOYMENT_TARGET = 11.2;
				MTL_ENABLE_DEBUG_INFO = YES;
				ONLY_ACTIVE_ARCH = YES;
				SDKROOT = iphoneos;
				SWIFT_ACTIVE_COMPILATION_CONDITIONS = DEBUG;
				SWIFT_OPTIMIZATION_LEVEL = "-Onone";
			};
			name = Debug;
		};
		8FE891AF2007DE3D0092D992 /* Release */ = {
			isa = XCBuildConfiguration;
			buildSettings = {
				ALWAYS_SEARCH_USER_PATHS = NO;
				CLANG_ANALYZER_NONNULL = YES;
				CLANG_ANALYZER_NUMBER_OBJECT_CONVERSION = YES_AGGRESSIVE;
				CLANG_CXX_LANGUAGE_STANDARD = "gnu++14";
				CLANG_CXX_LIBRARY = "libc++";
				CLANG_ENABLE_MODULES = YES;
				CLANG_ENABLE_OBJC_ARC = YES;
				CLANG_WARN_BLOCK_CAPTURE_AUTORELEASING = YES;
				CLANG_WARN_BOOL_CONVERSION = YES;
				CLANG_WARN_COMMA = YES;
				CLANG_WARN_CONSTANT_CONVERSION = YES;
				CLANG_WARN_DIRECT_OBJC_ISA_USAGE = YES_ERROR;
				CLANG_WARN_DOCUMENTATION_COMMENTS = YES;
				CLANG_WARN_EMPTY_BODY = YES;
				CLANG_WARN_ENUM_CONVERSION = YES;
				CLANG_WARN_INFINITE_RECURSION = YES;
				CLANG_WARN_INT_CONVERSION = YES;
				CLANG_WARN_NON_LITERAL_NULL_CONVERSION = YES;
				CLANG_WARN_OBJC_LITERAL_CONVERSION = YES;
				CLANG_WARN_OBJC_ROOT_CLASS = YES_ERROR;
				CLANG_WARN_RANGE_LOOP_ANALYSIS = YES;
				CLANG_WARN_STRICT_PROTOTYPES = YES;
				CLANG_WARN_SUSPICIOUS_MOVE = YES;
				CLANG_WARN_UNGUARDED_AVAILABILITY = YES_AGGRESSIVE;
				CLANG_WARN_UNREACHABLE_CODE = YES;
				CLANG_WARN__DUPLICATE_METHOD_MATCH = YES;
				CODE_SIGN_IDENTITY = "iPhone Developer";
				COPY_PHASE_STRIP = NO;
				DEBUG_INFORMATION_FORMAT = "dwarf-with-dsym";
				ENABLE_NS_ASSERTIONS = NO;
				ENABLE_STRICT_OBJC_MSGSEND = YES;
				GCC_C_LANGUAGE_STANDARD = gnu11;
				GCC_NO_COMMON_BLOCKS = YES;
				GCC_WARN_64_TO_32_BIT_CONVERSION = YES;
				GCC_WARN_ABOUT_RETURN_TYPE = YES_ERROR;
				GCC_WARN_UNDECLARED_SELECTOR = YES;
				GCC_WARN_UNINITIALIZED_AUTOS = YES_AGGRESSIVE;
				GCC_WARN_UNUSED_FUNCTION = YES;
				GCC_WARN_UNUSED_VARIABLE = YES;
				IPHONEOS_DEPLOYMENT_TARGET = 11.2;
				MTL_ENABLE_DEBUG_INFO = NO;
				SDKROOT = iphoneos;
				SWIFT_OPTIMIZATION_LEVEL = "-Owholemodule";
				VALIDATE_PRODUCT = YES;
			};
			name = Release;
		};
		8FE891B12007DE3D0092D992 /* Debug */ = {
			isa = XCBuildConfiguration;
			buildSettings = {
				ASSETCATALOG_COMPILER_APPICON_NAME = AppIcon;
				CODE_SIGN_STYLE = Automatic;
				DEVELOPMENT_TEAM = 4FX69YPBM3;
				INFOPLIST_FILE = "International Space Station Pass Time/Info.plist";
				LD_RUNPATH_SEARCH_PATHS = "$(inherited) @executable_path/Frameworks";
				PRODUCT_BUNDLE_IDENTIFIER = "com.Lad.Yugandhara.International-Space-Station-Pass-Time";
				PRODUCT_NAME = "$(TARGET_NAME)";
				SWIFT_VERSION = 4.0;
				TARGETED_DEVICE_FAMILY = "1,2";
			};
			name = Debug;
		};
		8FE891B22007DE3D0092D992 /* Release */ = {
			isa = XCBuildConfiguration;
			buildSettings = {
				ASSETCATALOG_COMPILER_APPICON_NAME = AppIcon;
				CODE_SIGN_STYLE = Automatic;
				DEVELOPMENT_TEAM = 4FX69YPBM3;
				INFOPLIST_FILE = "International Space Station Pass Time/Info.plist";
				LD_RUNPATH_SEARCH_PATHS = "$(inherited) @executable_path/Frameworks";
				PRODUCT_BUNDLE_IDENTIFIER = "com.Lad.Yugandhara.International-Space-Station-Pass-Time";
				PRODUCT_NAME = "$(TARGET_NAME)";
				SWIFT_VERSION = 4.0;
				TARGETED_DEVICE_FAMILY = "1,2";
			};
			name = Release;
		};
		8FE891B42007DE3D0092D992 /* Debug */ = {
			isa = XCBuildConfiguration;
			buildSettings = {
				ALWAYS_EMBED_SWIFT_STANDARD_LIBRARIES = YES;
				BUNDLE_LOADER = "$(TEST_HOST)";
				CODE_SIGN_STYLE = Automatic;
				DEVELOPMENT_TEAM = 4FX69YPBM3;
				INFOPLIST_FILE = "International Space Station Pass TimeTests/Info.plist";
				LD_RUNPATH_SEARCH_PATHS = "$(inherited) @executable_path/Frameworks @loader_path/Frameworks";
				PRODUCT_BUNDLE_IDENTIFIER = "com.Lad.Yugandhara.International-Space-Station-Pass-TimeTests";
				PRODUCT_NAME = "$(TARGET_NAME)";
				SWIFT_VERSION = 4.0;
				TARGETED_DEVICE_FAMILY = "1,2";
				TEST_HOST = "$(BUILT_PRODUCTS_DIR)/International Space Station Pass Time.app/International Space Station Pass Time";
			};
			name = Debug;
		};
		8FE891B52007DE3D0092D992 /* Release */ = {
			isa = XCBuildConfiguration;
			buildSettings = {
				ALWAYS_EMBED_SWIFT_STANDARD_LIBRARIES = YES;
				BUNDLE_LOADER = "$(TEST_HOST)";
				CODE_SIGN_STYLE = Automatic;
				DEVELOPMENT_TEAM = 4FX69YPBM3;
				INFOPLIST_FILE = "International Space Station Pass TimeTests/Info.plist";
				LD_RUNPATH_SEARCH_PATHS = "$(inherited) @executable_path/Frameworks @loader_path/Frameworks";
				PRODUCT_BUNDLE_IDENTIFIER = "com.Lad.Yugandhara.International-Space-Station-Pass-TimeTests";
				PRODUCT_NAME = "$(TARGET_NAME)";
				SWIFT_VERSION = 4.0;
				TARGETED_DEVICE_FAMILY = "1,2";
				TEST_HOST = "$(BUILT_PRODUCTS_DIR)/International Space Station Pass Time.app/International Space Station Pass Time";
			};
			name = Release;
		};
		8FE891B72007DE3D0092D992 /* Debug */ = {
			isa = XCBuildConfiguration;
			buildSettings = {
				ALWAYS_EMBED_SWIFT_STANDARD_LIBRARIES = YES;
				CODE_SIGN_STYLE = Automatic;
				DEVELOPMENT_TEAM = 4FX69YPBM3;
				INFOPLIST_FILE = "International Space Station Pass TimeUITests/Info.plist";
				LD_RUNPATH_SEARCH_PATHS = "$(inherited) @executable_path/Frameworks @loader_path/Frameworks";
				PRODUCT_BUNDLE_IDENTIFIER = "com.Lad.Yugandhara.International-Space-Station-Pass-TimeUITests";
				PRODUCT_NAME = "$(TARGET_NAME)";
				SWIFT_VERSION = 4.0;
				TARGETED_DEVICE_FAMILY = "1,2";
				TEST_TARGET_NAME = "International Space Station Pass Time";
			};
			name = Debug;
		};
		8FE891B82007DE3D0092D992 /* Release */ = {
			isa = XCBuildConfiguration;
			buildSettings = {
				ALWAYS_EMBED_SWIFT_STANDARD_LIBRARIES = YES;
				CODE_SIGN_STYLE = Automatic;
				DEVELOPMENT_TEAM = 4FX69YPBM3;
				INFOPLIST_FILE = "International Space Station Pass TimeUITests/Info.plist";
				LD_RUNPATH_SEARCH_PATHS = "$(inherited) @executable_path/Frameworks @loader_path/Frameworks";
				PRODUCT_BUNDLE_IDENTIFIER = "com.Lad.Yugandhara.International-Space-Station-Pass-TimeUITests";
				PRODUCT_NAME = "$(TARGET_NAME)";
				SWIFT_VERSION = 4.0;
				TARGETED_DEVICE_FAMILY = "1,2";
				TEST_TARGET_NAME = "International Space Station Pass Time";
			};
			name = Release;
		};
/* End XCBuildConfiguration section */

/* Begin XCConfigurationList section */
		8FE891832007DE3C0092D992 /* Build configuration list for PBXProject "International Space Station Pass Time" */ = {
			isa = XCConfigurationList;
			buildConfigurations = (
				8FE891AE2007DE3D0092D992 /* Debug */,
				8FE891AF2007DE3D0092D992 /* Release */,
			);
			defaultConfigurationIsVisible = 0;
			defaultConfigurationName = Release;
		};
		8FE891B02007DE3D0092D992 /* Build configuration list for PBXNativeTarget "International Space Station Pass Time" */ = {
			isa = XCConfigurationList;
			buildConfigurations = (
				8FE891B12007DE3D0092D992 /* Debug */,
				8FE891B22007DE3D0092D992 /* Release */,
			);
			defaultConfigurationIsVisible = 0;
			defaultConfigurationName = Release;
		};
		8FE891B32007DE3D0092D992 /* Build configuration list for PBXNativeTarget "International Space Station Pass TimeTests" */ = {
			isa = XCConfigurationList;
			buildConfigurations = (
				8FE891B42007DE3D0092D992 /* Debug */,
				8FE891B52007DE3D0092D992 /* Release */,
			);
			defaultConfigurationIsVisible = 0;
			defaultConfigurationName = Release;
		};
		8FE891B62007DE3D0092D992 /* Build configuration list for PBXNativeTarget "International Space Station Pass TimeUITests" */ = {
			isa = XCConfigurationList;
			buildConfigurations = (
				8FE891B72007DE3D0092D992 /* Debug */,
				8FE891B82007DE3D0092D992 /* Release */,
			);
			defaultConfigurationIsVisible = 0;
			defaultConfigurationName = Release;
		};
/* End XCConfigurationList section */
	};
	rootObject = 8FE891802007DE3C0092D992 /* Project object */;
}
